
Microsoft Visual Studio Solution File, Format Version 12.00
# Visual Studio 15
VisualStudioVersion = 15.0.28307.421
MinimumVisualStudioVersion = 10.0.40219.1
Project("{9A19103F-16F7-4668-BE54-9A1E7A4F7556}") = "MediatorSample.CustomerApi", "src\MediatorSample.Customer\MediatorSample.CustomerApi.csproj", "{C44C73DF-D0E1-4BE2-B165-A193BB7A94BB}"
EndProject
Global
	GlobalSection(SolutionConfigurationPlatforms) = preSolution
		Debug|Any CPU = Debug|Any CPU
		Release|Any CPU = Release|Any CPU
	EndGlobalSection
	GlobalSection(ProjectConfigurationPlatforms) = postSolution
		{C44C73DF-D0E1-4BE2-B165-A193BB7A94BB}.Debug|Any CPU.ActiveCfg = Debug|Any CPU
		{C44C73DF-D0E1-4BE2-B165-A193BB7A94BB}.Debug|Any CPU.Build.0 = Debug|Any CPU
		{C44C73DF-D0E1-4BE2-B165-A193BB7A94BB}.Release|Any CPU.ActiveCfg = Release|Any CPU
		{C44C73DF-D0E1-4BE2-B165-A193BB7A94BB}.Release|Any CPU.Build.0 = Release|Any CPU
	EndGlobalSection
	GlobalSection(SolutionProperties) = preSolution
		HideSolutionNode = FALSE
	EndGlobalSection
	GlobalSection(ExtensibilityGlobals) = postSolution
		SolutionGuid = {16FCA029-5B71-43BB-B7B7-FCD391D12B67}
	EndGlobalSection
EndGlobal
